
Microsoft Visual Studio Solution File, Format Version 12.00
# Visual Studio Version 16
VisualStudioVersion = 16.0.31313.79
MinimumVisualStudioVersion = 10.0.40219.1
Project("{FAE04EC0-301F-11D3-BF4B-00C04F79EFBC}") = "MonitorOff", "MonitorOff.csproj", "{24F94603-172B-4CE9-A14C-A8B001E4EC4E}"
EndProject
Global
	GlobalSection(SolutionConfigurationPlatforms) = preSolution
		Debug|Any CPU = Debug|Any CPU
		Release|Any CPU = Release|Any CPU
	EndGlobalSection
	GlobalSection(ProjectConfigurationPlatforms) = postSolution
		{24F94603-172B-4CE9-A14C-A8B001E4EC4E}.Debug|Any CPU.ActiveCfg = Debug|Any CPU
		{24F94603-172B-4CE9-A14C-A8B001E4EC4E}.Debug|Any CPU.Build.0 = Debug|Any CPU
		{24F94603-172B-4CE9-A14C-A8B001E4EC4E}.Release|Any CPU.ActiveCfg = Release|Any CPU
		{24F94603-172B-4CE9-A14C-A8B001E4EC4E}.Release|Any CPU.Build.0 = Release|Any CPU
	EndGlobalSection
	GlobalSection(SolutionProperties) = preSolution
		HideSolutionNode = FALSE
	EndGlobalSection
	GlobalSection(ExtensibilityGlobals) = postSolution
		SolutionGuid = {F914F5A2-DD6D-49ED-845F-C791388C0030}
	EndGlobalSection
EndGlobal
